
Microsoft Visual Studio Solution File, Format Version 12.00
# Visual Studio Version 17
VisualStudioVersion = 17.2.32630.192
MinimumVisualStudioVersion = 10.0.40219.1
Project("{FAE04EC0-301F-11D3-BF4B-00C04F79EFBC}") = "WebApi", "WebApi\WebApi.csproj", "{F2D5B58D-ABC2-4406-B396-E0012C299955}"
EndProject
Project("{FAE04EC0-301F-11D3-BF4B-00C04F79EFBC}") = "ETicaret.Data", "ETicaret.Data\ETicaret.Data.csproj", "{E64BDAFE-A284-4ABE-9393-9ACC2EF87F1B}"
EndProject
Project("{FAE04EC0-301F-11D3-BF4B-00C04F79EFBC}") = "ETicaret.Entities", "ETicaret.Entities\ETicaret.Entities.csproj", "{D231B3B4-11CA-4403-B6AD-8A29205C3ACD}"
EndProject
Global
	GlobalSection(SolutionConfigurationPlatforms) = preSolution
		Debug|Any CPU = Debug|Any CPU
		Release|Any CPU = Release|Any CPU
	EndGlobalSection
	GlobalSection(ProjectConfigurationPlatforms) = postSolution
		{F2D5B58D-ABC2-4406-B396-E0012C299955}.Debug|Any CPU.ActiveCfg = Debug|Any CPU
		{F2D5B58D-ABC2-4406-B396-E0012C299955}.Debug|Any CPU.Build.0 = Debug|Any CPU
		{F2D5B58D-ABC2-4406-B396-E0012C299955}.Release|Any CPU.ActiveCfg = Release|Any CPU
		{F2D5B58D-ABC2-4406-B396-E0012C299955}.Release|Any CPU.Build.0 = Release|Any CPU
		{E64BDAFE-A284-4ABE-9393-9ACC2EF87F1B}.Debug|Any CPU.ActiveCfg = Debug|Any CPU
		{E64BDAFE-A284-4ABE-9393-9ACC2EF87F1B}.Debug|Any CPU.Build.0 = Debug|Any CPU
		{E64BDAFE-A284-4ABE-9393-9ACC2EF87F1B}.Release|Any CPU.ActiveCfg = Release|Any CPU
		{E64BDAFE-A284-4ABE-9393-9ACC2EF87F1B}.Release|Any CPU.Build.0 = Release|Any CPU
		{D231B3B4-11CA-4403-B6AD-8A29205C3ACD}.Debug|Any CPU.ActiveCfg = Debug|Any CPU
		{D231B3B4-11CA-4403-B6AD-8A29205C3ACD}.Debug|Any CPU.Build.0 = Debug|Any CPU
		{D231B3B4-11CA-4403-B6AD-8A29205C3ACD}.Release|Any CPU.ActiveCfg = Release|Any CPU
		{D231B3B4-11CA-4403-B6AD-8A29205C3ACD}.Release|Any CPU.Build.0 = Release|Any CPU
	EndGlobalSection
	GlobalSection(SolutionProperties) = preSolution
		HideSolutionNode = FALSE
	EndGlobalSection
	GlobalSection(ExtensibilityGlobals) = postSolution
		SolutionGuid = {253034A4-B3F4-4E03-A0AB-9955E7F04746}
	EndGlobalSection
EndGlobal
